
Microsoft Visual Studio Solution File, Format Version 12.00
# Visual Studio Version 16
VisualStudioVersion = 16.6.30114.105
MinimumVisualStudioVersion = 10.0.40219.1
Project("{2150E333-8FDC-42A3-9474-1A3956D46DE8}") = "src", "src", "{E53A4D69-BF16-40EC-8D6A-492692F8FF3D}"
	ProjectSection(SolutionItems) = preProject
		Commands.txt = Commands.txt
	EndProjectSection
EndProject
Project("{9A19103F-16F7-4668-BE54-9A1E7A4F7556}") = "Suatra.API", "src\Suatra.API\Suatra.API.csproj", "{FE7FF99E-535C-435F-A8E5-09A45DABDCED}"
EndProject
Project("{9A19103F-16F7-4668-BE54-9A1E7A4F7556}") = "Suatra.Application", "src\Suatra.Application\Suatra.Application.csproj", "{DF579B9D-AD0B-4FC2-8875-DD84361B2A41}"
EndProject
Project("{9A19103F-16F7-4668-BE54-9A1E7A4F7556}") = "Suatra.Domain", "src\Suatra.Domain\Suatra.Domain.csproj", "{397C7659-552B-421F-A9D6-2B80A6249463}"
EndProject
Project("{9A19103F-16F7-4668-BE54-9A1E7A4F7556}") = "Suatra.Infrastructure", "src\Suatra.Infrastructure\Suatra.Infrastructure.csproj", "{A8B8BC29-76A7-40FD-9B7D-808FC45FFC9C}"
EndProject
Project("{2150E333-8FDC-42A3-9474-1A3956D46DE8}") = "tests", "tests", "{C37732B5-CE9D-49A1-BA26-772048255BE7}"
EndProject
Project("{9A19103F-16F7-4668-BE54-9A1E7A4F7556}") = "Suatra.API.Tests", "tests\Suatra.API.Tests\Suatra.API.Tests.csproj", "{DB6388B2-8F3C-426F-90FC-AA39B5CC2F1A}"
EndProject
Project("{9A19103F-16F7-4668-BE54-9A1E7A4F7556}") = "Suatra.Application.Tests", "tests\Suatra.Application.Tests\Suatra.Application.Tests.csproj", "{8C6C3226-37F0-45F8-8906-3AC34F2960A8}"
EndProject
Project("{9A19103F-16F7-4668-BE54-9A1E7A4F7556}") = "Suatra.Fixtures", "tests\Suatra.Fixtures\Suatra.Fixtures.csproj", "{DC8D971E-54D4-47CD-B22E-A5D4AEAEFB22}"
EndProject
Project("{9A19103F-16F7-4668-BE54-9A1E7A4F7556}") = "Suatra.Infrastructure.Tests", "tests\Suatra.Infrastructure.Tests\Suatra.Infrastructure.Tests.csproj", "{8C54B8A6-E02A-4967-8F72-07FD0AF5BF42}"
EndProject
Global
	GlobalSection(SolutionConfigurationPlatforms) = preSolution
		Debug|Any CPU = Debug|Any CPU
		Debug|x64 = Debug|x64
		Debug|x86 = Debug|x86
		Release|Any CPU = Release|Any CPU
		Release|x64 = Release|x64
		Release|x86 = Release|x86
	EndGlobalSection
	GlobalSection(ProjectConfigurationPlatforms) = postSolution
		{FE7FF99E-535C-435F-A8E5-09A45DABDCED}.Debug|Any CPU.ActiveCfg = Debug|Any CPU
		{FE7FF99E-535C-435F-A8E5-09A45DABDCED}.Debug|Any CPU.Build.0 = Debug|Any CPU
		{FE7FF99E-535C-435F-A8E5-09A45DABDCED}.Debug|x64.ActiveCfg = Debug|Any CPU
		{FE7FF99E-535C-435F-A8E5-09A45DABDCED}.Debug|x64.Build.0 = Debug|Any CPU
		{FE7FF99E-535C-435F-A8E5-09A45DABDCED}.Debug|x86.ActiveCfg = Debug|Any CPU
		{FE7FF99E-535C-435F-A8E5-09A45DABDCED}.Debug|x86.Build.0 = Debug|Any CPU
		{FE7FF99E-535C-435F-A8E5-09A45DABDCED}.Release|Any CPU.ActiveCfg = Release|Any CPU
		{FE7FF99E-535C-435F-A8E5-09A45DABDCED}.Release|Any CPU.Build.0 = Release|Any CPU
		{FE7FF99E-535C-435F-A8E5-09A45DABDCED}.Release|x64.ActiveCfg = Release|Any CPU
		{FE7FF99E-535C-435F-A8E5-09A45DABDCED}.Release|x64.Build.0 = Release|Any CPU
		{FE7FF99E-535C-435F-A8E5-09A45DABDCED}.Release|x86.ActiveCfg = Release|Any CPU
		{FE7FF99E-535C-435F-A8E5-09A45DABDCED}.Release|x86.Build.0 = Release|Any CPU
		{DF579B9D-AD0B-4FC2-8875-DD84361B2A41}.Debug|Any CPU.ActiveCfg = Debug|Any CPU
		{DF579B9D-AD0B-4FC2-8875-DD84361B2A41}.Debug|Any CPU.Build.0 = Debug|Any CPU
		{DF579B9D-AD0B-4FC2-8875-DD84361B2A41}.Debug|x64.ActiveCfg = Debug|Any CPU
		{DF579B9D-AD0B-4FC2-8875-DD84361B2A41}.Debug|x64.Build.0 = Debug|Any CPU
		{DF579B9D-AD0B-4FC2-8875-DD84361B2A41}.Debug|x86.ActiveCfg = Debug|Any CPU
		{DF579B9D-AD0B-4FC2-8875-DD84361B2A41}.Debug|x86.Build.0 = Debug|Any CPU
		{DF579B9D-AD0B-4FC2-8875-DD84361B2A41}.Release|Any CPU.ActiveCfg = Release|Any CPU
		{DF579B9D-AD0B-4FC2-8875-DD84361B2A41}.Release|Any CPU.Build.0 = Release|Any CPU
		{DF579B9D-AD0B-4FC2-8875-DD84361B2A41}.Release|x64.ActiveCfg = Release|Any CPU
		{DF579B9D-AD0B-4FC2-8875-DD84361B2A41}.Release|x64.Build.0 = Release|Any CPU
		{DF579B9D-AD0B-4FC2-8875-DD84361B2A41}.Release|x86.ActiveCfg = Release|Any CPU
		{DF579B9D-AD0B-4FC2-8875-DD84361B2A41}.Release|x86.Build.0 = Release|Any CPU
		{397C7659-552B-421F-A9D6-2B80A6249463}.Debug|Any CPU.ActiveCfg = Debug|Any CPU
		{397C7659-552B-421F-A9D6-2B80A6249463}.Debug|Any CPU.Build.0 = Debug|Any CPU
		{397C7659-552B-421F-A9D6-2B80A6249463}.Debug|x64.ActiveCfg = Debug|Any CPU
		{397C7659-552B-421F-A9D6-2B80A6249463}.Debug|x64.Build.0 = Debug|Any CPU
		{397C7659-552B-421F-A9D6-2B80A6249463}.Debug|x86.ActiveCfg = Debug|Any CPU
		{397C7659-552B-421F-A9D6-2B80A6249463}.Debug|x86.Build.0 = Debug|Any CPU
		{397C7659-552B-421F-A9D6-2B80A6249463}.Release|Any CPU.ActiveCfg = Release|Any CPU
		{397C7659-552B-421F-A9D6-2B80A6249463}.Release|Any CPU.Build.0 = Release|Any CPU
		{397C7659-552B-421F-A9D6-2B80A6249463}.Release|x64.ActiveCfg = Release|Any CPU
		{397C7659-552B-421F-A9D6-2B80A6249463}.Release|x64.Build.0 = Release|Any CPU
		{397C7659-552B-421F-A9D6-2B80A6249463}.Release|x86.ActiveCfg = Release|Any CPU
		{397C7659-552B-421F-A9D6-2B80A6249463}.Release|x86.Build.0 = Release|Any CPU
		{A8B8BC29-76A7-40FD-9B7D-808FC45FFC9C}.Debug|Any CPU.ActiveCfg = Debug|Any CPU
		{A8B8BC29-76A7-40FD-9B7D-808FC45FFC9C}.Debug|Any CPU.Build.0 = Debug|Any CPU
		{A8B8BC29-76A7-40FD-9B7D-808FC45FFC9C}.Debug|x64.ActiveCfg = Debug|Any CPU
		{A8B8BC29-76A7-40FD-9B7D-808FC45FFC9C}.Debug|x64.Build.0 = Debug|Any CPU
		{A8B8BC29-76A7-40FD-9B7D-808FC45FFC9C}.Debug|x86.ActiveCfg = Debug|Any CPU
		{A8B8BC29-76A7-40FD-9B7D-808FC45FFC9C}.Debug|x86.Build.0 = Debug|Any CPU
		{A8B8BC29-76A7-40FD-9B7D-808FC45FFC9C}.Release|Any CPU.ActiveCfg = Release|Any CPU
		{A8B8BC29-76A7-40FD-9B7D-808FC45FFC9C}.Release|Any CPU.Build.0 = Release|Any CPU
		{A8B8BC29-76A7-40FD-9B7D-808FC45FFC9C}.Release|x64.ActiveCfg = Release|Any CPU
		{A8B8BC29-76A7-40FD-9B7D-808FC45FFC9C}.Release|x64.Build.0 = Release|Any CPU
		{A8B8BC29-76A7-40FD-9B7D-808FC45FFC9C}.Release|x86.ActiveCfg = Release|Any CPU
		{A8B8BC29-76A7-40FD-9B7D-808FC45FFC9C}.Release|x86.Build.0 = Release|Any CPU
		{DB6388B2-8F3C-426F-90FC-AA39B5CC2F1A}.Debug|Any CPU.ActiveCfg = Debug|Any CPU
		{DB6388B2-8F3C-426F-90FC-AA39B5CC2F1A}.Debug|Any CPU.Build.0 = Debug|Any CPU
		{DB6388B2-8F3C-426F-90FC-AA39B5CC2F1A}.Debug|x64.ActiveCfg = Debug|Any CPU
		{DB6388B2-8F3C-426F-90FC-AA39B5CC2F1A}.Debug|x64.Build.0 = Debug|Any CPU
		{DB6388B2-8F3C-426F-90FC-AA39B5CC2F1A}.Debug|x86.ActiveCfg = Debug|Any CPU
		{DB6388B2-8F3C-426F-90FC-AA39B5CC2F1A}.Debug|x86.Build.0 = Debug|Any CPU
		{DB6388B2-8F3C-426F-90FC-AA39B5CC2F1A}.Release|Any CPU.ActiveCfg = Release|Any CPU
		{DB6388B2-8F3C-426F-90FC-AA39B5CC2F1A}.Release|Any CPU.Build.0 = Release|Any CPU
		{DB6388B2-8F3C-426F-90FC-AA39B5CC2F1A}.Release|x64.ActiveCfg = Release|Any CPU
		{DB6388B2-8F3C-426F-90FC-AA39B5CC2F1A}.Release|x64.Build.0 = Release|Any CPU
		{DB6388B2-8F3C-426F-90FC-AA39B5CC2F1A}.Release|x86.ActiveCfg = Release|Any CPU
		{DB6388B2-8F3C-426F-90FC-AA39B5CC2F1A}.Release|x86.Build.0 = Release|Any CPU
		{8C6C3226-37F0-45F8-8906-3AC34F2960A8}.Debug|Any CPU.ActiveCfg = Debug|Any CPU
		{8C6C3226-37F0-45F8-8906-3AC34F2960A8}.Debug|Any CPU.Build.0 = Debug|Any CPU
		{8C6C3226-37F0-45F8-8906-3AC34F2960A8}.Debug|x64.ActiveCfg = Debug|Any CPU
		{8C6C3226-37F0-45F8-8906-3AC34F2960A8}.Debug|x64.Build.0 = Debug|Any CPU
		{8C6C3226-37F0-45F8-8906-3AC34F2960A8}.Debug|x86.ActiveCfg = Debug|Any CPU
		{8C6C3226-37F0-45F8-8906-3AC34F2960A8}.Debug|x86.Build.0 = Debug|Any CPU
		{8C6C3226-37F0-45F8-8906-3AC34F2960A8}.Release|Any CPU.ActiveCfg = Release|Any CPU
		{8C6C3226-37F0-45F8-8906-3AC34F2960A8}.Release|Any CPU.Build.0 = Release|Any CPU
		{8C6C3226-37F0-45F8-8906-3AC34F2960A8}.Release|x64.ActiveCfg = Release|Any CPU
		{8C6C3226-37F0-45F8-8906-3AC34F2960A8}.Release|x64.Build.0 = Release|Any CPU
		{8C6C3226-37F0-45F8-8906-3AC34F2960A8}.Release|x86.ActiveCfg = Release|Any CPU
		{8C6C3226-37F0-45F8-8906-3AC34F2960A8}.Release|x86.Build.0 = Release|Any CPU
		{DC8D971E-54D4-47CD-B22E-A5D4AEAEFB22}.Debug|Any CPU.ActiveCfg = Debug|Any CPU
		{DC8D971E-54D4-47CD-B22E-A5D4AEAEFB22}.Debug|Any CPU.Build.0 = Debug|Any CPU
		{DC8D971E-54D4-47CD-B22E-A5D4AEAEFB22}.Debug|x64.ActiveCfg = Debug|Any CPU
		{DC8D971E-54D4-47CD-B22E-A5D4AEAEFB22}.Debug|x64.Build.0 = Debug|Any CPU
		{DC8D971E-54D4-47CD-B22E-A5D4AEAEFB22}.Debug|x86.ActiveCfg = Debug|Any CPU
		{DC8D971E-54D4-47CD-B22E-A5D4AEAEFB22}.Debug|x86.Build.0 = Debug|Any CPU
		{DC8D971E-54D4-47CD-B22E-A5D4AEAEFB22}.Release|Any CPU.ActiveCfg = Release|Any CPU
		{DC8D971E-54D4-47CD-B22E-A5D4AEAEFB22}.Release|Any CPU.Build.0 = Release|Any CPU
		{DC8D971E-54D4-47CD-B22E-A5D4AEAEFB22}.Release|x64.ActiveCfg = Release|Any CPU
		{DC8D971E-54D4-47CD-B22E-A5D4AEAEFB22}.Release|x64.Build.0 = Release|Any CPU
		{DC8D971E-54D4-47CD-B22E-A5D4AEAEFB22}.Release|x86.ActiveCfg = Release|Any CPU
		{DC8D971E-54D4-47CD-B22E-A5D4AEAEFB22}.Release|x86.Build.0 = Release|Any CPU
		{8C54B8A6-E02A-4967-8F72-07FD0AF5BF42}.Debug|Any CPU.ActiveCfg = Debug|Any CPU
		{8C54B8A6-E02A-4967-8F72-07FD0AF5BF42}.Debug|Any CPU.Build.0 = Debug|Any CPU
		{8C54B8A6-E02A-4967-8F72-07FD0AF5BF42}.Debug|x64.ActiveCfg = Debug|Any CPU
		{8C54B8A6-E02A-4967-8F72-07FD0AF5BF42}.Debug|x64.Build.0 = Debug|Any CPU
		{8C54B8A6-E02A-4967-8F72-07FD0AF5BF42}.Debug|x86.ActiveCfg = Debug|Any CPU
		{8C54B8A6-E02A-4967-8F72-07FD0AF5BF42}.Debug|x86.Build.0 = Debug|Any CPU
		{8C54B8A6-E02A-4967-8F72-07FD0AF5BF42}.Release|Any CPU.ActiveCfg = Release|Any CPU
		{8C54B8A6-E02A-4967-8F72-07FD0AF5BF42}.Release|Any CPU.Build.0 = Release|Any CPU
		{8C54B8A6-E02A-4967-8F72-07FD0AF5BF42}.Release|x64.ActiveCfg = Release|Any CPU
		{8C54B8A6-E02A-4967-8F72-07FD0AF5BF42}.Release|x64.Build.0 = Release|Any CPU
		{8C54B8A6-E02A-4967-8F72-07FD0AF5BF42}.Release|x86.ActiveCfg = Release|Any CPU
		{8C54B8A6-E02A-4967-8F72-07FD0AF5BF42}.Release|x86.Build.0 = Release|Any CPU
	EndGlobalSection
	GlobalSection(SolutionProperties) = preSolution
		HideSolutionNode = FALSE
	EndGlobalSection
	GlobalSection(NestedProjects) = preSolution
		{FE7FF99E-535C-435F-A8E5-09A45DABDCED} = {E53A4D69-BF16-40EC-8D6A-492692F8FF3D}
		{DF579B9D-AD0B-4FC2-8875-DD84361B2A41} = {E53A4D69-BF16-40EC-8D6A-492692F8FF3D}
		{397C7659-552B-421F-A9D6-2B80A6249463} = {E53A4D69-BF16-40EC-8D6A-492692F8FF3D}
		{A8B8BC29-76A7-40FD-9B7D-808FC45FFC9C} = {E53A4D69-BF16-40EC-8D6A-492692F8FF3D}
		{DB6388B2-8F3C-426F-90FC-AA39B5CC2F1A} = {C37732B5-CE9D-49A1-BA26-772048255BE7}
		{8C6C3226-37F0-45F8-8906-3AC34F2960A8} = {C37732B5-CE9D-49A1-BA26-772048255BE7}
		{DC8D971E-54D4-47CD-B22E-A5D4AEAEFB22} = {C37732B5-CE9D-49A1-BA26-772048255BE7}
		{8C54B8A6-E02A-4967-8F72-07FD0AF5BF42} = {C37732B5-CE9D-49A1-BA26-772048255BE7}
	EndGlobalSection
	GlobalSection(ExtensibilityGlobals) = postSolution
		SolutionGuid = {B077B431-86D0-4AB9-BD09-7AA0CF684FEA}
	EndGlobalSection
EndGlobal
